
Microsoft Visual Studio Solution File, Format Version 12.00
# Visual Studio 14
VisualStudioVersion = 14.0.25420.1
MinimumVisualStudioVersion = 10.0.40219.1
Project("{2150E333-8FDC-42A3-9474-1A3956D46DE8}") = "src", "src", "{4D51F5AE-376E-4A9A-8ABE-8638BCC2FA00}"
EndProject
Project("{2150E333-8FDC-42A3-9474-1A3956D46DE8}") = "Solution Items", "Solution Items", "{6EE91D3A-6CE7-4A74-9426-B432D963BAEE}"
	ProjectSection(SolutionItems) = preProject
		global.json = global.json
	EndProjectSection
EndProject
Project("{8BB2217D-0F2D-49D1-97BC-3654ED321F3B}") = "GoogleGeoCoderCore", "src\GoogleGeoCoderCore\GoogleGeoCoderCore.xproj", "{801B5206-CEA2-4B27-80D4-E5E834F70C7E}"
EndProject
Project("{8BB2217D-0F2D-49D1-97BC-3654ED321F3B}") = "GoogleGeoCoderCore.Tests", "test\GoogleGeoCoderCore.Tests\GoogleGeoCoderCore.Tests.xproj", "{062E8A09-B9C0-4AA7-AE9B-8EA36859F0A4}"
EndProject
Global
	GlobalSection(SolutionConfigurationPlatforms) = preSolution
		Debug|Any CPU = Debug|Any CPU
		Release|Any CPU = Release|Any CPU
	EndGlobalSection
	GlobalSection(ProjectConfigurationPlatforms) = postSolution
		{801B5206-CEA2-4B27-80D4-E5E834F70C7E}.Debug|Any CPU.ActiveCfg = Debug|Any CPU
		{801B5206-CEA2-4B27-80D4-E5E834F70C7E}.Debug|Any CPU.Build.0 = Debug|Any CPU
		{801B5206-CEA2-4B27-80D4-E5E834F70C7E}.Release|Any CPU.ActiveCfg = Release|Any CPU
		{801B5206-CEA2-4B27-80D4-E5E834F70C7E}.Release|Any CPU.Build.0 = Release|Any CPU
		{062E8A09-B9C0-4AA7-AE9B-8EA36859F0A4}.Debug|Any CPU.ActiveCfg = Debug|Any CPU
		{062E8A09-B9C0-4AA7-AE9B-8EA36859F0A4}.Debug|Any CPU.Build.0 = Debug|Any CPU
		{062E8A09-B9C0-4AA7-AE9B-8EA36859F0A4}.Release|Any CPU.ActiveCfg = Release|Any CPU
		{062E8A09-B9C0-4AA7-AE9B-8EA36859F0A4}.Release|Any CPU.Build.0 = Release|Any CPU
	EndGlobalSection
	GlobalSection(SolutionProperties) = preSolution
		HideSolutionNode = FALSE
	EndGlobalSection
	GlobalSection(NestedProjects) = preSolution
		{801B5206-CEA2-4B27-80D4-E5E834F70C7E} = {4D51F5AE-376E-4A9A-8ABE-8638BCC2FA00}
		{062E8A09-B9C0-4AA7-AE9B-8EA36859F0A4} = {4D51F5AE-376E-4A9A-8ABE-8638BCC2FA00}
	EndGlobalSection
EndGlobal
